// !$*UTF8*$!
{
	archiveVersion = 1;
	classes = {
	};
	objectVersion = 51;
	objects = {

/* Begin PBXBuildFile section */
		08B0CD26C1E73BB64428F9A1 /* Pods_MyNews.framework in Frameworks */ = {isa = PBXBuildFile; fileRef = 7E867DAD060456B51007666B /* Pods_MyNews.framework */; };
		ECD062C1236D5DA0004FC043 /* AppDelegate.swift in Sources */ = {isa = PBXBuildFile; fileRef = ECD062C0236D5DA0004FC043 /* AppDelegate.swift */; };
		ECD062C8236D5DA0004FC043 /* Main.storyboard in Resources */ = {isa = PBXBuildFile; fileRef = ECD062C6236D5DA0004FC043 /* Main.storyboard */; };
		ECD062CB236D5DA0004FC043 /* MyNews.xcdatamodeld in Sources */ = {isa = PBXBuildFile; fileRef = ECD062C9236D5DA0004FC043 /* MyNews.xcdatamodeld */; };
		ECD062CD236D5DA6004FC043 /* Assets.xcassets in Resources */ = {isa = PBXBuildFile; fileRef = ECD062CC236D5DA6004FC043 /* Assets.xcassets */; };
		ECD062D0236D5DA6004FC043 /* LaunchScreen.storyboard in Resources */ = {isa = PBXBuildFile; fileRef = ECD062CE236D5DA6004FC043 /* LaunchScreen.storyboard */; };
		ECD062D8236D6226004FC043 /* CustomTableViewCell.swift in Sources */ = {isa = PBXBuildFile; fileRef = ECD062D7236D6226004FC043 /* CustomTableViewCell.swift */; };
		ECD062DA236D6291004FC043 /* MainViewController.swift in Sources */ = {isa = PBXBuildFile; fileRef = ECD062D9236D6291004FC043 /* MainViewController.swift */; };
		ECD062DE236D7A93004FC043 /* NetworkingManagerService.swift in Sources */ = {isa = PBXBuildFile; fileRef = ECD062DD236D7A93004FC043 /* NetworkingManagerService.swift */; };
		ECD062E4236D9172004FC043 /* DetailViewController.swift in Sources */ = {isa = PBXBuildFile; fileRef = ECD062E3236D9172004FC043 /* DetailViewController.swift */; };
		ECE4F4DA236DCDF0001FF3CB /* FvoriteTableViewController.swift in Sources */ = {isa = PBXBuildFile; fileRef = ECE4F4D9236DCDF0001FF3CB /* FvoriteTableViewController.swift */; };
		ECE4F4DF236EC7F6001FF3CB /* MainModel.swift in Sources */ = {isa = PBXBuildFile; fileRef = ECE4F4DE236EC7F6001FF3CB /* MainModel.swift */; };
		ECE4F4E1236EC845001FF3CB /* NetworkingManager.swift in Sources */ = {isa = PBXBuildFile; fileRef = ECE4F4E0236EC845001FF3CB /* NetworkingManager.swift */; };
		ECE4F4E3236EE555001FF3CB /* StorageManagerService.swift in Sources */ = {isa = PBXBuildFile; fileRef = ECE4F4E2236EE555001FF3CB /* StorageManagerService.swift */; };
		ECE4F4E5236F106A001FF3CB /* StorageManager.swift in Sources */ = {isa = PBXBuildFile; fileRef = ECE4F4E4236F106A001FF3CB /* StorageManager.swift */; };
		ECE4F4E8236F647A001FF3CB /* FavoriteModel.swift in Sources */ = {isa = PBXBuildFile; fileRef = ECE4F4E7236F647A001FF3CB /* FavoriteModel.swift */; };
		ECE4F4EA236F66ED001FF3CB /* DetailModel.swift in Sources */ = {isa = PBXBuildFile; fileRef = ECE4F4E9236F66ED001FF3CB /* DetailModel.swift */; };
		ECE4F4F023701A52001FF3CB /* WebKit.framework in Frameworks */ = {isa = PBXBuildFile; fileRef = ECE4F4EF23701A51001FF3CB /* WebKit.framework */; };
		ECE55EA023740BE400758544 /* GoogleNews.swift in Sources */ = {isa = PBXBuildFile; fileRef = ECE55E9F23740BE400758544 /* GoogleNews.swift */; };
/* End PBXBuildFile section */

/* Begin PBXFileReference section */
		60DD23E90B97301C7F8D850C /* Pods-MyNews.release.xcconfig */ = {isa = PBXFileReference; includeInIndex = 1; lastKnownFileType = text.xcconfig; name = "Pods-MyNews.release.xcconfig"; path = "Target Support Files/Pods-MyNews/Pods-MyNews.release.xcconfig"; sourceTree = "<group>"; };
		7E867DAD060456B51007666B /* Pods_MyNews.framework */ = {isa = PBXFileReference; explicitFileType = wrapper.framework; includeInIndex = 0; path = Pods_MyNews.framework; sourceTree = BUILT_PRODUCTS_DIR; };
		E253CC645D01BBE66F5D5947 /* Pods-MyNews.debug.xcconfig */ = {isa = PBXFileReference; includeInIndex = 1; lastKnownFileType = text.xcconfig; name = "Pods-MyNews.debug.xcconfig"; path = "Target Support Files/Pods-MyNews/Pods-MyNews.debug.xcconfig"; sourceTree = "<group>"; };
		ECD062BD236D5DA0004FC043 /* MyNews.app */ = {isa = PBXFileReference; explicitFileType = wrapper.application; includeInIndex = 0; path = MyNews.app; sourceTree = BUILT_PRODUCTS_DIR; };
		ECD062C0236D5DA0004FC043 /* AppDelegate.swift */ = {isa = PBXFileReference; lastKnownFileType = sourcecode.swift; path = AppDelegate.swift; sourceTree = "<group>"; };
		ECD062C7236D5DA0004FC043 /* Base */ = {isa = PBXFileReference; lastKnownFileType = file.storyboard; name = Base; path = Base.lproj/Main.storyboard; sourceTree = "<group>"; };
		ECD062CA236D5DA0004FC043 /* MyNews.xcdatamodel */ = {isa = PBXFileReference; lastKnownFileType = wrapper.xcdatamodel; path = MyNews.xcdatamodel; sourceTree = "<group>"; };
		ECD062CC236D5DA6004FC043 /* Assets.xcassets */ = {isa = PBXFileReference; lastKnownFileType = folder.assetcatalog; path = Assets.xcassets; sourceTree = "<group>"; };
		ECD062CF236D5DA6004FC043 /* Base */ = {isa = PBXFileReference; lastKnownFileType = file.storyboard; name = Base; path = Base.lproj/LaunchScreen.storyboard; sourceTree = "<group>"; };
		ECD062D1236D5DA6004FC043 /* Info.plist */ = {isa = PBXFileReference; lastKnownFileType = text.plist.xml; path = Info.plist; sourceTree = "<group>"; };
		ECD062D7236D6226004FC043 /* CustomTableViewCell.swift */ = {isa = PBXFileReference; lastKnownFileType = sourcecode.swift; path = CustomTableViewCell.swift; sourceTree = "<group>"; };
		ECD062D9236D6291004FC043 /* MainViewController.swift */ = {isa = PBXFileReference; lastKnownFileType = sourcecode.swift; path = MainViewController.swift; sourceTree = "<group>"; };
		ECD062DD236D7A93004FC043 /* NetworkingManagerService.swift */ = {isa = PBXFileReference; lastKnownFileType = sourcecode.swift; path = NetworkingManagerService.swift; sourceTree = "<group>"; };
		ECD062E3236D9172004FC043 /* DetailViewController.swift */ = {isa = PBXFileReference; lastKnownFileType = sourcecode.swift; path = DetailViewController.swift; sourceTree = "<group>"; };
		ECE4F4D9236DCDF0001FF3CB /* FvoriteTableViewController.swift */ = {isa = PBXFileReference; lastKnownFileType = sourcecode.swift; path = FvoriteTableViewController.swift; sourceTree = "<group>"; };
		ECE4F4DE236EC7F6001FF3CB /* MainModel.swift */ = {isa = PBXFileReference; lastKnownFileType = sourcecode.swift; path = MainModel.swift; sourceTree = "<group>"; };
		ECE4F4E0236EC845001FF3CB /* NetworkingManager.swift */ = {isa = PBXFileReference; lastKnownFileType = sourcecode.swift; path = NetworkingManager.swift; sourceTree = "<group>"; };
		ECE4F4E2236EE555001FF3CB /* StorageManagerService.swift */ = {isa = PBXFileReference; lastKnownFileType = sourcecode.swift; path = StorageManagerService.swift; sourceTree = "<group>"; };
		ECE4F4E4236F106A001FF3CB /* StorageManager.swift */ = {isa = PBXFileReference; lastKnownFileType = sourcecode.swift; path = StorageManager.swift; sourceTree = "<group>"; };
		ECE4F4E7236F647A001FF3CB /* FavoriteModel.swift */ = {isa = PBXFileReference; lastKnownFileType = sourcecode.swift; path = FavoriteModel.swift; sourceTree = "<group>"; };
		ECE4F4E9236F66ED001FF3CB /* DetailModel.swift */ = {isa = PBXFileReference; lastKnownFileType = sourcecode.swift; path = DetailModel.swift; sourceTree = "<group>"; };
		ECE4F4EF23701A51001FF3CB /* WebKit.framework */ = {isa = PBXFileReference; lastKnownFileType = wrapper.framework; name = WebKit.framework; path = System/Library/Frameworks/WebKit.framework; sourceTree = SDKROOT; };
		ECE55E9F23740BE400758544 /* GoogleNews.swift */ = {isa = PBXFileReference; lastKnownFileType = sourcecode.swift; path = GoogleNews.swift; sourceTree = "<group>"; };
/* End PBXFileReference section */

/* Begin PBXFrameworksBuildPhase section */
		ECD062BA236D5DA0004FC043 /* Frameworks */ = {
			isa = PBXFrameworksBuildPhase;
			buildActionMask = 2147483647;
			files = (
				ECE4F4F023701A52001FF3CB /* WebKit.framework in Frameworks */,
				08B0CD26C1E73BB64428F9A1 /* Pods_MyNews.framework in Frameworks */,
			);
			runOnlyForDeploymentPostprocessing = 0;
		};
/* End PBXFrameworksBuildPhase section */

/* Begin PBXGroup section */
		41B2603635BC88087A74E7E4 /* Frameworks */ = {
			isa = PBXGroup;
			children = (
				ECE4F4EF23701A51001FF3CB /* WebKit.framework */,
				7E867DAD060456B51007666B /* Pods_MyNews.framework */,
			);
			name = Frameworks;
			sourceTree = "<group>";
		};
		C03CD6739424C89F7F3CF148 /* Pods */ = {
			isa = PBXGroup;
			children = (
				E253CC645D01BBE66F5D5947 /* Pods-MyNews.debug.xcconfig */,
				60DD23E90B97301C7F8D850C /* Pods-MyNews.release.xcconfig */,
			);
			path = Pods;
			sourceTree = "<group>";
		};
		ECD062B4236D5DA0004FC043 = {
			isa = PBXGroup;
			children = (
				ECD062BF236D5DA0004FC043 /* MyNews */,
				ECD062BE236D5DA0004FC043 /* Products */,
				C03CD6739424C89F7F3CF148 /* Pods */,
				41B2603635BC88087A74E7E4 /* Frameworks */,
			);
			sourceTree = "<group>";
		};
		ECD062BE236D5DA0004FC043 /* Products */ = {
			isa = PBXGroup;
			children = (
				ECD062BD236D5DA0004FC043 /* MyNews.app */,
			);
			name = Products;
			sourceTree = "<group>";
		};
		ECD062BF236D5DA0004FC043 /* MyNews */ = {
			isa = PBXGroup;
			children = (
				ECD062C0236D5DA0004FC043 /* AppDelegate.swift */,
				ECE4F4F223716E8B001FF3CB /* Models */,
				ECE4F4E6236F35D1001FF3CB /* DetailScreen */,
				ECE4F4D8236DCD9D001FF3CB /* FavoriteScreen */,
				ECD062E1236D7B57004FC043 /* MainScreen */,
				ECD062E2236D7B86004FC043 /* Services */,
				ECD062C6236D5DA0004FC043 /* Main.storyboard */,
				ECD062CC236D5DA6004FC043 /* Assets.xcassets */,
				ECD062CE236D5DA6004FC043 /* LaunchScreen.storyboard */,
				ECD062D1236D5DA6004FC043 /* Info.plist */,
				ECD062C9236D5DA0004FC043 /* MyNews.xcdatamodeld */,
			);
			path = MyNews;
			sourceTree = "<group>";
		};
		ECD062E1236D7B57004FC043 /* MainScreen */ = {
			isa = PBXGroup;
			children = (
				ECE4F4DE236EC7F6001FF3CB /* MainModel.swift */,
				ECD062D9236D6291004FC043 /* MainViewController.swift */,
			);
			path = MainScreen;
			sourceTree = "<group>";
		};
		ECD062E2236D7B86004FC043 /* Services */ = {
			isa = PBXGroup;
			children = (
				ECD062DD236D7A93004FC043 /* NetworkingManagerService.swift */,
				ECE4F4E0236EC845001FF3CB /* NetworkingManager.swift */,
				ECE4F4E2236EE555001FF3CB /* StorageManagerService.swift */,
				ECE4F4E4236F106A001FF3CB /* StorageManager.swift */,
			);
			path = Services;
			sourceTree = "<group>";
		};
		ECE4F4D8236DCD9D001FF3CB /* FavoriteScreen */ = {
			isa = PBXGroup;
			children = (
				ECE4F4E7236F647A001FF3CB /* FavoriteModel.swift */,
				ECE4F4D9236DCDF0001FF3CB /* FvoriteTableViewController.swift */,
			);
			path = FavoriteScreen;
			sourceTree = "<group>";
		};
		ECE4F4E6236F35D1001FF3CB /* DetailScreen */ = {
			isa = PBXGroup;
			children = (
				ECD062E3236D9172004FC043 /* DetailViewController.swift */,
				ECE4F4E9236F66ED001FF3CB /* DetailModel.swift */,
			);
			path = DetailScreen;
			sourceTree = "<group>";
		};
		ECE4F4F223716E8B001FF3CB /* Models */ = {
			isa = PBXGroup;
			children = (
				ECD062D7236D6226004FC043 /* CustomTableViewCell.swift */,
				ECE55E9F23740BE400758544 /* GoogleNews.swift */,
			);
			path = Models;
			sourceTree = "<group>";
		};
/* End PBXGroup section */

/* Begin PBXNativeTarget section */
		ECD062BC236D5DA0004FC043 /* MyNews */ = {
			isa = PBXNativeTarget;
			buildConfigurationList = ECD062D4236D5DA6004FC043 /* Build configuration list for PBXNativeTarget "MyNews" */;
			buildPhases = (
				5D35E9C00927BF3BDAF867D4 /* [CP] Check Pods Manifest.lock */,
				ECD062B9236D5DA0004FC043 /* Sources */,
				ECD062BA236D5DA0004FC043 /* Frameworks */,
				ECD062BB236D5DA0004FC043 /* Resources */,
				D6186DBEB573C4131E6AAA34 /* [CP] Embed Pods Frameworks */,
			);
			buildRules = (
			);
			dependencies = (
			);
			name = MyNews;
			productName = MyNews;
			productReference = ECD062BD236D5DA0004FC043 /* MyNews.app */;
			productType = "com.apple.product-type.application";
		};
/* End PBXNativeTarget section */

/* Begin PBXProject section */
		ECD062B5236D5DA0004FC043 /* Project object */ = {
			isa = PBXProject;
			attributes = {
				LastSwiftUpdateCheck = 1100;
				LastUpgradeCheck = 1100;
				ORGANIZATIONNAME = "Svyat Chaplin";
				TargetAttributes = {
					ECD062BC236D5DA0004FC043 = {
						CreatedOnToolsVersion = 11.0;
					};
				};
			};
			buildConfigurationList = ECD062B8236D5DA0004FC043 /* Build configuration list for PBXProject "MyNews" */;
			compatibilityVersion = "Xcode 9.3";
			developmentRegion = en;
			hasScannedForEncodings = 0;
			knownRegions = (
				en,
				Base,
			);
			mainGroup = ECD062B4236D5DA0004FC043;
			productRefGroup = ECD062BE236D5DA0004FC043 /* Products */;
			projectDirPath = "";
			projectRoot = "";
			targets = (
				ECD062BC236D5DA0004FC043 /* MyNews */,
			);
		};
/* End PBXProject section */

/* Begin PBXResourcesBuildPhase section */
		ECD062BB236D5DA0004FC043 /* Resources */ = {
			isa = PBXResourcesBuildPhase;
			buildActionMask = 2147483647;
			files = (
				ECD062D0236D5DA6004FC043 /* LaunchScreen.storyboard in Resources */,
				ECD062CD236D5DA6004FC043 /* Assets.xcassets in Resources */,
				ECD062C8236D5DA0004FC043 /* Main.storyboard in Resources */,
			);
			runOnlyForDeploymentPostprocessing = 0;
		};
/* End PBXResourcesBuildPhase section */

/* Begin PBXShellScriptBuildPhase section */
		5D35E9C00927BF3BDAF867D4 /* [CP] Check Pods Manifest.lock */ = {
			isa = PBXShellScriptBuildPhase;
			buildActionMask = 2147483647;
			files = (
			);
			inputFileListPaths = (
			);
			inputPaths = (
				"${PODS_PODFILE_DIR_PATH}/Podfile.lock",
				"${PODS_ROOT}/Manifest.lock",
			);
			name = "[CP] Check Pods Manifest.lock";
			outputFileListPaths = (
			);
			outputPaths = (
				"$(DERIVED_FILE_DIR)/Pods-MyNews-checkManifestLockResult.txt",
			);
			runOnlyForDeploymentPostprocessing = 0;
			shellPath = /bin/sh;
			shellScript = "diff \"${PODS_PODFILE_DIR_PATH}/Podfile.lock\" \"${PODS_ROOT}/Manifest.lock\" > /dev/null\nif [ $? != 0 ] ; then\n    # print error to STDERR\n    echo \"error: The sandbox is not in sync with the Podfile.lock. Run 'pod install' or update your CocoaPods installation.\" >&2\n    exit 1\nfi\n# This output is used by Xcode 'outputs' to avoid re-running this script phase.\necho \"SUCCESS\" > \"${SCRIPT_OUTPUT_FILE_0}\"\n";
			showEnvVarsInLog = 0;
		};
		D6186DBEB573C4131E6AAA34 /* [CP] Embed Pods Frameworks */ = {
			isa = PBXShellScriptBuildPhase;
			buildActionMask = 2147483647;
			files = (
			);
			inputFileListPaths = (
				"${PODS_ROOT}/Target Support Files/Pods-MyNews/Pods-MyNews-frameworks-${CONFIGURATION}-input-files.xcfilelist",
			);
			name = "[CP] Embed Pods Frameworks";
			outputFileListPaths = (
				"${PODS_ROOT}/Target Support Files/Pods-MyNews/Pods-MyNews-frameworks-${CONFIGURATION}-output-files.xcfilelist",
			);
			runOnlyForDeploymentPostprocessing = 0;
			shellPath = /bin/sh;
			shellScript = "\"${PODS_ROOT}/Target Support Files/Pods-MyNews/Pods-MyNews-frameworks.sh\"\n";
			showEnvVarsInLog = 0;
		};
/* End PBXShellScriptBuildPhase section */

/* Begin PBXSourcesBuildPhase section */
		ECD062B9236D5DA0004FC043 /* Sources */ = {
			isa = PBXSourcesBuildPhase;
			buildActionMask = 2147483647;
			files = (
				ECD062E4236D9172004FC043 /* DetailViewController.swift in Sources */,
				ECD062D8236D6226004FC043 /* CustomTableViewCell.swift in Sources */,
				ECE4F4EA236F66ED001FF3CB /* DetailModel.swift in Sources */,
				ECD062C1236D5DA0004FC043 /* AppDelegate.swift in Sources */,
				ECD062CB236D5DA0004FC043 /* MyNews.xcdatamodeld in Sources */,
				ECE55EA023740BE400758544 /* GoogleNews.swift in Sources */,
				ECD062DA236D6291004FC043 /* MainViewController.swift in Sources */,
				ECE4F4DA236DCDF0001FF3CB /* FvoriteTableViewController.swift in Sources */,
				ECE4F4E1236EC845001FF3CB /* NetworkingManager.swift in Sources */,
				ECD062DE236D7A93004FC043 /* NetworkingManagerService.swift in Sources */,
				ECE4F4DF236EC7F6001FF3CB /* MainModel.swift in Sources */,
				ECE4F4E8236F647A001FF3CB /* FavoriteModel.swift in Sources */,
				ECE4F4E3236EE555001FF3CB /* StorageManagerService.swift in Sources */,
				ECE4F4E5236F106A001FF3CB /* StorageManager.swift in Sources */,
			);
			runOnlyForDeploymentPostprocessing = 0;
		};
/* End PBXSourcesBuildPhase section */

/* Begin PBXVariantGroup section */
		ECD062C6236D5DA0004FC043 /* Main.storyboard */ = {
			isa = PBXVariantGroup;
			children = (
				ECD062C7236D5DA0004FC043 /* Base */,
			);
			name = Main.storyboard;
			sourceTree = "<group>";
		};
		ECD062CE236D5DA6004FC043 /* LaunchScreen.storyboard */ = {
			isa = PBXVariantGroup;
			children = (
				ECD062CF236D5DA6004FC043 /* Base */,
			);
			name = LaunchScreen.storyboard;
			sourceTree = "<group>";
		};
/* End PBXVariantGroup section */

/* Begin XCBuildConfiguration section */
		ECD062D2236D5DA6004FC043 /* Debug */ = {
			isa = XCBuildConfiguration;
			buildSettings = {
				ALWAYS_SEARCH_USER_PATHS = NO;
				CLANG_ANALYZER_NONNULL = YES;
				CLANG_ANALYZER_NUMBER_OBJECT_CONVERSION = YES_AGGRESSIVE;
				CLANG_CXX_LANGUAGE_STANDARD = "gnu++14";
				CLANG_CXX_LIBRARY = "libc++";
				CLANG_ENABLE_MODULES = YES;
				CLANG_ENABLE_OBJC_ARC = YES;
				CLANG_ENABLE_OBJC_WEAK = YES;
				CLANG_WARN_BLOCK_CAPTURE_AUTORELEASING = YES;
				CLANG_WARN_BOOL_CONVERSION = YES;
				CLANG_WARN_COMMA = YES;
				CLANG_WARN_CONSTANT_CONVERSION = YES;
				CLANG_WARN_DEPRECATED_OBJC_IMPLEMENTATIONS = YES;
				CLANG_WARN_DIRECT_OBJC_ISA_USAGE = YES_ERROR;
				CLANG_WARN_DOCUMENTATION_COMMENTS = YES;
				CLANG_WARN_EMPTY_BODY = YES;
				CLANG_WARN_ENUM_CONVERSION = YES;
				CLANG_WARN_INFINITE_RECURSION = YES;
				CLANG_WARN_INT_CONVERSION = YES;
				CLANG_WARN_NON_LITERAL_NULL_CONVERSION = YES;
				CLANG_WARN_OBJC_IMPLICIT_RETAIN_SELF = YES;
				CLANG_WARN_OBJC_LITERAL_CONVERSION = YES;
				CLANG_WARN_OBJC_ROOT_CLASS = YES_ERROR;
				CLANG_WARN_RANGE_LOOP_ANALYSIS = YES;
				CLANG_WARN_STRICT_PROTOTYPES = YES;
				CLANG_WARN_SUSPICIOUS_MOVE = YES;
				CLANG_WARN_UNGUARDED_AVAILABILITY = YES_AGGRESSIVE;
				CLANG_WARN_UNREACHABLE_CODE = YES;
				CLANG_WARN__DUPLICATE_METHOD_MATCH = YES;
				COPY_PHASE_STRIP = NO;
				DEBUG_INFORMATION_FORMAT = dwarf;
				ENABLE_STRICT_OBJC_MSGSEND = YES;
				ENABLE_TESTABILITY = YES;
				GCC_C_LANGUAGE_STANDARD = gnu11;
				GCC_DYNAMIC_NO_PIC = NO;
				GCC_NO_COMMON_BLOCKS = YES;
				GCC_OPTIMIZATION_LEVEL = 0;
				GCC_PREPROCESSOR_DEFINITIONS = (
					"DEBUG=1",
					"$(inherited)",
				);
				GCC_WARN_64_TO_32_BIT_CONVERSION = YES;
				GCC_WARN_ABOUT_RETURN_TYPE = YES_ERROR;
				GCC_WARN_UNDECLARED_SELECTOR = YES;
				GCC_WARN_UNINITIALIZED_AUTOS = YES_AGGRESSIVE;
				GCC_WARN_UNUSED_FUNCTION = YES;
				GCC_WARN_UNUSED_VARIABLE = YES;
				IPHONEOS_DEPLOYMENT_TARGET = 13.0;
				MTL_ENABLE_DEBUG_INFO = INCLUDE_SOURCE;
				MTL_FAST_MATH = YES;
				ONLY_ACTIVE_ARCH = YES;
				SDKROOT = iphoneos;
				SWIFT_ACTIVE_COMPILATION_CONDITIONS = DEBUG;
				SWIFT_OPTIMIZATION_LEVEL = "-Onone";
			};
			name = Debug;
		};
		ECD062D3236D5DA6004FC043 /* Release */ = {
			isa = XCBuildConfiguration;
			buildSettings = {
				ALWAYS_SEARCH_USER_PATHS = NO;
				CLANG_ANALYZER_NONNULL = YES;
				CLANG_ANALYZER_NUMBER_OBJECT_CONVERSION = YES_AGGRESSIVE;
				CLANG_CXX_LANGUAGE_STANDARD = "gnu++14";
				CLANG_CXX_LIBRARY = "libc++";
				CLANG_ENABLE_MODULES = YES;
				CLANG_ENABLE_OBJC_ARC = YES;
				CLANG_ENABLE_OBJC_WEAK = YES;
				CLANG_WARN_BLOCK_CAPTURE_AUTORELEASING = YES;
				CLANG_WARN_BOOL_CONVERSION = YES;
				CLANG_WARN_COMMA = YES;
				CLANG_WARN_CONSTANT_CONVERSION = YES;
				CLANG_WARN_DEPRECATED_OBJC_IMPLEMENTATIONS = YES;
				CLANG_WARN_DIRECT_OBJC_ISA_USAGE = YES_ERROR;
				CLANG_WARN_DOCUMENTATION_COMMENTS = YES;
				CLANG_WARN_EMPTY_BODY = YES;
				CLANG_WARN_ENUM_CONVERSION = YES;
				CLANG_WARN_INFINITE_RECURSION = YES;
				CLANG_WARN_INT_CONVERSION = YES;
				CLANG_WARN_NON_LITERAL_NULL_CONVERSION = YES;
				CLANG_WARN_OBJC_IMPLICIT_RETAIN_SELF = YES;
				CLANG_WARN_OBJC_LITERAL_CONVERSION = YES;
				CLANG_WARN_OBJC_ROOT_CLASS = YES_ERROR;
				CLANG_WARN_RANGE_LOOP_ANALYSIS = YES;
				CLANG_WARN_STRICT_PROTOTYPES = YES;
				CLANG_WARN_SUSPICIOUS_MOVE = YES;
				CLANG_WARN_UNGUARDED_AVAILABILITY = YES_AGGRESSIVE;
				CLANG_WARN_UNREACHABLE_CODE = YES;
				CLANG_WARN__DUPLICATE_METHOD_MATCH = YES;
				COPY_PHASE_STRIP = NO;
				DEBUG_INFORMATION_FORMAT = "dwarf-with-dsym";
				ENABLE_NS_ASSERTIONS = NO;
				ENABLE_STRICT_OBJC_MSGSEND = YES;
				GCC_C_LANGUAGE_STANDARD = gnu11;
				GCC_NO_COMMON_BLOCKS = YES;
				GCC_WARN_64_TO_32_BIT_CONVERSION = YES;
				GCC_WARN_ABOUT_RETURN_TYPE = YES_ERROR;
				GCC_WARN_UNDECLARED_SELECTOR = YES;
				GCC_WARN_UNINITIALIZED_AUTOS = YES_AGGRESSIVE;
				GCC_WARN_UNUSED_FUNCTION = YES;
				GCC_WARN_UNUSED_VARIABLE = YES;
				IPHONEOS_DEPLOYMENT_TARGET = 13.0;
				MTL_ENABLE_DEBUG_INFO = NO;
				MTL_FAST_MATH = YES;
				SDKROOT = iphoneos;
				SWIFT_COMPILATION_MODE = wholemodule;
				SWIFT_OPTIMIZATION_LEVEL = "-O";
				VALIDATE_PRODUCT = YES;
			};
			name = Release;
		};
		ECD062D5236D5DA6004FC043 /* Debug */ = {
			isa = XCBuildConfiguration;
			baseConfigurationReference = E253CC645D01BBE66F5D5947 /* Pods-MyNews.debug.xcconfig */;
			buildSettings = {
				ASSETCATALOG_COMPILER_APPICON_NAME = AppIcon;
				CODE_SIGN_STYLE = Automatic;
				DEVELOPMENT_TEAM = T52V8YC858;
				INFOPLIST_FILE = MyNews/Info.plist;
				IPHONEOS_DEPLOYMENT_TARGET = 12.3;
				LD_RUNPATH_SEARCH_PATHS = (
					"$(inherited)",
					"@executable_path/Frameworks",
				);
				PRODUCT_BUNDLE_IDENTIFIER = "-.MyNews";
				PRODUCT_NAME = "$(TARGET_NAME)";
				SWIFT_VERSION = 5.0;
				TARGETED_DEVICE_FAMILY = "1,2";
			};
			name = Debug;
		};
		ECD062D6236D5DA6004FC043 /* Release */ = {
			isa = XCBuildConfiguration;
			baseConfigurationReference = 60DD23E90B97301C7F8D850C /* Pods-MyNews.release.xcconfig */;
			buildSettings = {
				ASSETCATALOG_COMPILER_APPICON_NAME = AppIcon;
				CODE_SIGN_STYLE = Automatic;
				DEVELOPMENT_TEAM = T52V8YC858;
				INFOPLIST_FILE = MyNews/Info.plist;
				IPHONEOS_DEPLOYMENT_TARGET = 12.3;
				LD_RUNPATH_SEARCH_PATHS = (
					"$(inherited)",
					"@executable_path/Frameworks",
				);
				PRODUCT_BUNDLE_IDENTIFIER = "-.MyNews";
				PRODUCT_NAME = "$(TARGET_NAME)";
				SWIFT_VERSION = 5.0;
				TARGETED_DEVICE_FAMILY = "1,2";
			};
			name = Release;
		};
/* End XCBuildConfiguration section */

/* Begin XCConfigurationList section */
		ECD062B8236D5DA0004FC043 /* Build configuration list for PBXProject "MyNews" */ = {
			isa = XCConfigurationList;
			buildConfigurations = (
				ECD062D2236D5DA6004FC043 /* Debug */,
				ECD062D3236D5DA6004FC043 /* Release */,
			);
			defaultConfigurationIsVisible = 0;
			defaultConfigurationName = Release;
		};
		ECD062D4236D5DA6004FC043 /* Build configuration list for PBXNativeTarget "MyNews" */ = {
			isa = XCConfigurationList;
			buildConfigurations = (
				ECD062D5236D5DA6004FC043 /* Debug */,
				ECD062D6236D5DA6004FC043 /* Release */,
			);
			defaultConfigurationIsVisible = 0;
			defaultConfigurationName = Release;
		};
/* End XCConfigurationList section */

/* Begin XCVersionGroup section */
		ECD062C9236D5DA0004FC043 /* MyNews.xcdatamodeld */ = {
			isa = XCVersionGroup;
			children = (
				ECD062CA236D5DA0004FC043 /* MyNews.xcdatamodel */,
			);
			currentVersion = ECD062CA236D5DA0004FC043 /* MyNews.xcdatamodel */;
			path = MyNews.xcdatamodeld;
			sourceTree = "<group>";
			versionGroupType = wrapper.xcdatamodel;
		};
/* End XCVersionGroup section */
	};
	rootObject = ECD062B5236D5DA0004FC043 /* Project object */;
}
